PODS:
  - matrix-wechat (0.5.1):
    - matrix-wechat/matrixARC (= 0.5.1)
    - matrix-wechat/matrixNonARC1 (= 0.5.1)
    - matrix-wechat/matrixNonARC2 (= 0.5.1)
  - matrix-wechat/matrixARC (0.5.1):
    - matrix-wechat/matrixNonARC1
  - matrix-wechat/matrixNonARC1 (0.5.1)
  - matrix-wechat/matrixNonARC2 (0.5.1):
    - matrix-wechat/matrixARC

DEPENDENCIES:
  - matrix-wechat

SPEC REPOS:
  https://github.com/cocoapods/specs.git:
    - matrix-wechat

SPEC CHECKSUMS:
  matrix-wechat: 87e227259bb07bd56b76c0f7f1081bf9593b1eec

PODFILE CHECKSUM: e64379abd8b36badaf2f205424a9c97a7ee77530

COCOAPODS: 1.6.1
